
Microsoft Visual Studio Solution File, Format Version 12.00
# Visual Studio Version 17
VisualStudioVersion = 17.7.34031.279
MinimumVisualStudioVersion = 10.0.40219.1
Project("{9A19103F-16F7-4668-BE54-9A1E7A4F7556}") = "Pizzeria.Api", "Pizzeria.Api.csproj", "{065C444B-9A81-4E9F-8D1A-07A2B2C9AB5F}"
EndProject
Global
	GlobalSection(SolutionConfigurationPlatforms) = preSolution
		Debug|Any CPU = Debug|Any CPU
		Release|Any CPU = Release|Any CPU
	EndGlobalSection
	GlobalSection(ProjectConfigurationPlatforms) = postSolution
		{065C444B-9A81-4E9F-8D1A-07A2B2C9AB5F}.Debug|Any CPU.ActiveCfg = Debug|Any CPU
		{065C444B-9A81-4E9F-8D1A-07A2B2C9AB5F}.Debug|Any CPU.Build.0 = Debug|Any CPU
		{065C444B-9A81-4E9F-8D1A-07A2B2C9AB5F}.Release|Any CPU.ActiveCfg = Release|Any CPU
		{065C444B-9A81-4E9F-8D1A-07A2B2C9AB5F}.Release|Any CPU.Build.0 = Release|Any CPU
	EndGlobalSection
	GlobalSection(SolutionProperties) = preSolution
		HideSolutionNode = FALSE
	EndGlobalSection
	GlobalSection(ExtensibilityGlobals) = postSolution
		SolutionGuid = {EFFBEC6B-BE42-45C7-9E39-3B47ED13CC88}
	EndGlobalSection
EndGlobal
